
Microsoft Visual Studio Solution File, Format Version 12.00
# Visual Studio Version 17
VisualStudioVersion = 17.14.36301.6 d17.14
MinimumVisualStudioVersion = 10.0.40219.1
Project("{9A19103F-16F7-4668-BE54-9A1E7A4F7556}") = "mah_boi.Tools", "Source\Tools\mah_boi.Tools.csproj", "{9AD97953-8178-4006-9A85-C0233532BE87}"
EndProject
Project("{FAE04EC0-301F-11D3-BF4B-00C04F79EFBC}") = "mah_boi.Tools.Tests", "Source\Tests\Tests.csproj", "{4DBEEB5F-8C13-4040-91BD-4AAFB9CC2608}"
EndProject
Global
	GlobalSection(SolutionConfigurationPlatforms) = preSolution
		Debug|Any CPU = Debug|Any CPU
		Release|Any CPU = Release|Any CPU
	EndGlobalSection
	GlobalSection(ProjectConfigurationPlatforms) = postSolution
		{9AD97953-8178-4006-9A85-C0233532BE87}.Debug|Any CPU.ActiveCfg = Debug|Any CPU
		{9AD97953-8178-4006-9A85-C0233532BE87}.Debug|Any CPU.Build.0 = Debug|Any CPU
		{9AD97953-8178-4006-9A85-C0233532BE87}.Release|Any CPU.ActiveCfg = Release|Any CPU
		{9AD97953-8178-4006-9A85-C0233532BE87}.Release|Any CPU.Build.0 = Release|Any CPU
		{4DBEEB5F-8C13-4040-91BD-4AAFB9CC2608}.Debug|Any CPU.ActiveCfg = Debug|Any CPU
		{4DBEEB5F-8C13-4040-91BD-4AAFB9CC2608}.Debug|Any CPU.Build.0 = Debug|Any CPU
		{4DBEEB5F-8C13-4040-91BD-4AAFB9CC2608}.Release|Any CPU.ActiveCfg = Release|Any CPU
		{4DBEEB5F-8C13-4040-91BD-4AAFB9CC2608}.Release|Any CPU.Build.0 = Release|Any CPU
	EndGlobalSection
	GlobalSection(SolutionProperties) = preSolution
		HideSolutionNode = FALSE
	EndGlobalSection
	GlobalSection(ExtensibilityGlobals) = postSolution
		SolutionGuid = {A2C30E74-AC94-4E3B-B2A5-2675B793ED1E}
	EndGlobalSection
EndGlobal
